
Microsoft Visual Studio Solution File, Format Version 12.00
# Visual Studio Version 17
VisualStudioVersion = 17.14.36811.4 d17.14
MinimumVisualStudioVersion = 10.0.40219.1
Project("{FAE04EC0-301F-11D3-BF4B-00C04F79EFBC}") = "JobWebsite", "JobWebsite\JobWebsite.csproj", "{22FA4DAE-6EDB-47FF-AE88-A05DF311EFBB}"
EndProject
Global
	GlobalSection(SolutionConfigurationPlatforms) = preSolution
		Debug|Any CPU = Debug|Any CPU
		Release|Any CPU = Release|Any CPU
	EndGlobalSection
	GlobalSection(ProjectConfigurationPlatforms) = postSolution
		{22FA4DAE-6EDB-47FF-AE88-A05DF311EFBB}.Debug|Any CPU.ActiveCfg = Debug|Any CPU
		{22FA4DAE-6EDB-47FF-AE88-A05DF311EFBB}.Debug|Any CPU.Build.0 = Debug|Any CPU
		{22FA4DAE-6EDB-47FF-AE88-A05DF311EFBB}.Release|Any CPU.ActiveCfg = Release|Any CPU
		{22FA4DAE-6EDB-47FF-AE88-A05DF311EFBB}.Release|Any CPU.Build.0 = Release|Any CPU
	EndGlobalSection
	GlobalSection(SolutionProperties) = preSolution
		HideSolutionNode = FALSE
	EndGlobalSection
	GlobalSection(ExtensibilityGlobals) = postSolution
		SolutionGuid = {09612C99-5B03-4AE8-8371-188CCC3EB1F1}
	EndGlobalSection
EndGlobal
